
Microsoft Visual Studio Solution File, Format Version 12.00
# Visual Studio Version 16
VisualStudioVersion = 16.0.29020.237
MinimumVisualStudioVersion = 10.0.40219.1
Project("{9A19103F-16F7-4668-BE54-9A1E7A4F7556}") = "BetterTabControl", "BetterTabControl\BetterTabControl.csproj", "{7E386BBF-3C75-44E1-AF2B-0A11152DD763}"
EndProject
Project("{FAE04EC0-301F-11D3-BF4B-00C04F79EFBC}") = "BetterTabControlTest", "BetterTabControlTest\BetterTabControlTest.csproj", "{BBFFDF0E-C0AD-41F8-8146-3A818CB80D85}"
EndProject
Global
	GlobalSection(SolutionConfigurationPlatforms) = preSolution
		Debug|Any CPU = Debug|Any CPU
		Release_Package|Any CPU = Release_Package|Any CPU
		Release|Any CPU = Release|Any CPU
	EndGlobalSection
	GlobalSection(ProjectConfigurationPlatforms) = postSolution
		{7E386BBF-3C75-44E1-AF2B-0A11152DD763}.Debug|Any CPU.ActiveCfg = Debug|Any CPU
		{7E386BBF-3C75-44E1-AF2B-0A11152DD763}.Debug|Any CPU.Build.0 = Debug|Any CPU
		{7E386BBF-3C75-44E1-AF2B-0A11152DD763}.Release_Package|Any CPU.ActiveCfg = Release_Package|Any CPU
		{7E386BBF-3C75-44E1-AF2B-0A11152DD763}.Release_Package|Any CPU.Build.0 = Release_Package|Any CPU
		{7E386BBF-3C75-44E1-AF2B-0A11152DD763}.Release|Any CPU.ActiveCfg = Release|Any CPU
		{7E386BBF-3C75-44E1-AF2B-0A11152DD763}.Release|Any CPU.Build.0 = Release|Any CPU
		{BBFFDF0E-C0AD-41F8-8146-3A818CB80D85}.Debug|Any CPU.ActiveCfg = Debug|Any CPU
		{BBFFDF0E-C0AD-41F8-8146-3A818CB80D85}.Debug|Any CPU.Build.0 = Debug|Any CPU
		{BBFFDF0E-C0AD-41F8-8146-3A818CB80D85}.Release_Package|Any CPU.ActiveCfg = Release|Any CPU
		{BBFFDF0E-C0AD-41F8-8146-3A818CB80D85}.Release_Package|Any CPU.Build.0 = Release|Any CPU
		{BBFFDF0E-C0AD-41F8-8146-3A818CB80D85}.Release|Any CPU.ActiveCfg = Release|Any CPU
		{BBFFDF0E-C0AD-41F8-8146-3A818CB80D85}.Release|Any CPU.Build.0 = Release|Any CPU
	EndGlobalSection
	GlobalSection(SolutionProperties) = preSolution
		HideSolutionNode = FALSE
	EndGlobalSection
	GlobalSection(ExtensibilityGlobals) = postSolution
		SolutionGuid = {4D6A7BB3-BEFF-4D5F-A7D0-5063D39C912B}
	EndGlobalSection
EndGlobal
